
Microsoft Visual Studio Solution File, Format Version 12.00
# Visual Studio Version 17
VisualStudioVersion = 17.5.002.0
MinimumVisualStudioVersion = 10.0.40219.1
Project("{9A19103F-16F7-4668-BE54-9A1E7A4F7556}") = "ALauncher", "App\ALauncher.csproj", "{E673E69D-C5D2-4EE0-BE8F-6565497C1DB4}"
EndProject
Project("{FAE04EC0-301F-11D3-BF4B-00C04F79EFBC}") = "Data", "Data\Data.csproj", "{DFB01CA9-56B6-4C01-AA11-21B88B6BC321}"
EndProject
Global
	GlobalSection(SolutionConfigurationPlatforms) = preSolution
		Debug|Any CPU = Debug|Any CPU
		Release|Any CPU = Release|Any CPU
	EndGlobalSection
	GlobalSection(ProjectConfigurationPlatforms) = postSolution
		{E673E69D-C5D2-4EE0-BE8F-6565497C1DB4}.Debug|Any CPU.ActiveCfg = Debug|Any CPU
		{E673E69D-C5D2-4EE0-BE8F-6565497C1DB4}.Debug|Any CPU.Build.0 = Debug|Any CPU
		{E673E69D-C5D2-4EE0-BE8F-6565497C1DB4}.Release|Any CPU.ActiveCfg = Release|Any CPU
		{E673E69D-C5D2-4EE0-BE8F-6565497C1DB4}.Release|Any CPU.Build.0 = Release|Any CPU
		{DFB01CA9-56B6-4C01-AA11-21B88B6BC321}.Debug|Any CPU.ActiveCfg = Debug|Any CPU
		{DFB01CA9-56B6-4C01-AA11-21B88B6BC321}.Debug|Any CPU.Build.0 = Debug|Any CPU
		{DFB01CA9-56B6-4C01-AA11-21B88B6BC321}.Release|Any CPU.ActiveCfg = Release|Any CPU
		{DFB01CA9-56B6-4C01-AA11-21B88B6BC321}.Release|Any CPU.Build.0 = Release|Any CPU
	EndGlobalSection
	GlobalSection(SolutionProperties) = preSolution
		HideSolutionNode = FALSE
	EndGlobalSection
	GlobalSection(ExtensibilityGlobals) = postSolution
		SolutionGuid = {B444DD43-79B7-4BA5-9D1C-5BEE909C2CD2}
	EndGlobalSection
EndGlobal
